// !$*UTF8*$!
{
	archiveVersion = 1;
	classes = {
	};
	objectVersion = 46;
	objects = {

/* Begin PBXBuildFile section */
		EC6391E91BA2DE7100E12074 /* AppDelegate.swift in Sources */ = {isa = PBXBuildFile; fileRef = EC6391E81BA2DE7100E12074 /* AppDelegate.swift */; };
		EC6391EB1BA2DE7100E12074 /* ViewController.swift in Sources */ = {isa = PBXBuildFile; fileRef = EC6391EA1BA2DE7100E12074 /* ViewController.swift */; };
		EC6391EE1BA2DE7100E12074 /* Main.storyboard in Resources */ = {isa = PBXBuildFile; fileRef = EC6391EC1BA2DE7100E12074 /* Main.storyboard */; };
		EC6391F01BA2DE7100E12074 /* Assets.xcassets in Resources */ = {isa = PBXBuildFile; fileRef = EC6391EF1BA2DE7100E12074 /* Assets.xcassets */; };
		EC6391F31BA2DE7100E12074 /* LaunchScreen.storyboard in Resources */ = {isa = PBXBuildFile; fileRef = EC6391F11BA2DE7100E12074 /* LaunchScreen.storyboard */; };
/* End PBXBuildFile section */

/* Begin PBXFileReference section */
		EC6391E51BA2DE7100E12074 /* Attack of the Constants and Variables.app */ = {isa = PBXFileReference; explicitFileType = wrapper.application; includeInIndex = 0; path = "Attack of the Constants and Variables.app"; sourceTree = BUILT_PRODUCTS_DIR; };
		EC6391E81BA2DE7100E12074 /* AppDelegate.swift */ = {isa = PBXFileReference; lastKnownFileType = sourcecode.swift; path = AppDelegate.swift; sourceTree = "<group>"; };
		EC6391EA1BA2DE7100E12074 /* ViewController.swift */ = {isa = PBXFileReference; lastKnownFileType = sourcecode.swift; path = ViewController.swift; sourceTree = "<group>"; };
		EC6391ED1BA2DE7100E12074 /* Base */ = {isa = PBXFileReference; lastKnownFileType = file.storyboard; name = Base; path = Base.lproj/Main.storyboard; sourceTree = "<group>"; };
		EC6391EF1BA2DE7100E12074 /* Assets.xcassets */ = {isa = PBXFileReference; lastKnownFileType = folder.assetcatalog; path = Assets.xcassets; sourceTree = "<group>"; };
		EC6391F21BA2DE7100E12074 /* Base */ = {isa = PBXFileReference; lastKnownFileType = file.storyboard; name = Base; path = Base.lproj/LaunchScreen.storyboard; sourceTree = "<group>"; };
		EC6391F41BA2DE7100E12074 /* Info.plist */ = {isa = PBXFileReference; lastKnownFileType = text.plist.xml; path = Info.plist; sourceTree = "<group>"; };
/* End PBXFileReference section */

/* Begin PBXFrameworksBuildPhase section */
		EC6391E21BA2DE7100E12074 /* Frameworks */ = {
			isa = PBXFrameworksBuildPhase;
			buildActionMask = 2147483647;
			files = (
			);
			runOnlyForDeploymentPostprocessing = 0;
		};
/* End PBXFrameworksBuildPhase section */

/* Begin PBXGroup section */
		EC6391DC1BA2DE7100E12074 = {
			isa = PBXGroup;
			children = (
				EC6391E71BA2DE7100E12074 /* Attack of the Constants and Variables */,
				EC6391E61BA2DE7100E12074 /* Products */,
			);
			sourceTree = "<group>";
		};
		EC6391E61BA2DE7100E12074 /* Products */ = {
			isa = PBXGroup;
			children = (
				EC6391E51BA2DE7100E12074 /* Attack of the Constants and Variables.app */,
			);
			name = Products;
			sourceTree = "<group>";
		};
		EC6391E71BA2DE7100E12074 /* Attack of the Constants and Variables */ = {
			isa = PBXGroup;
			children = (
				EC6391E81BA2DE7100E12074 /* AppDelegate.swift */,
				EC6391EA1BA2DE7100E12074 /* ViewController.swift */,
				EC6391EC1BA2DE7100E12074 /* Main.storyboard */,
				EC6391EF1BA2DE7100E12074 /* Assets.xcassets */,
				EC6391F11BA2DE7100E12074 /* LaunchScreen.storyboard */,
				EC6391F41BA2DE7100E12074 /* Info.plist */,
			);
			path = "Attack of the Constants and Variables";
			sourceTree = "<group>";
		};
/* End PBXGroup section */

/* Begin PBXNativeTarget section */
		EC6391E41BA2DE7100E12074 /* Attack of the Constants and Variables */ = {
			isa = PBXNativeTarget;
			buildConfigurationList = EC6391F71BA2DE7100E12074 /* Build configuration list for PBXNativeTarget "Attack of the Constants and Variables" */;
			buildPhases = (
				EC6391E11BA2DE7100E12074 /* Sources */,
				EC6391E21BA2DE7100E12074 /* Frameworks */,
				EC6391E31BA2DE7100E12074 /* Resources */,
			);
			buildRules = (
			);
			dependencies = (
			);
			name = "Attack of the Constants and Variables";
			productName = "Attack of the Constants and Variables";
			productReference = EC6391E51BA2DE7100E12074 /* Attack of the Constants and Variables.app */;
			productType = "com.apple.product-type.application";
		};
/* End PBXNativeTarget section */

/* Begin PBXProject section */
		EC6391DD1BA2DE7100E12074 /* Project object */ = {
			isa = PBXProject;
			attributes = {
				LastUpgradeCheck = 0700;
				ORGANIZATIONNAME = "Alejandro Pardo";
				TargetAttributes = {
					EC6391E41BA2DE7100E12074 = {
						CreatedOnToolsVersion = 7.0;
						DevelopmentTeam = M4WERM6EJ8;
						LastSwiftMigration = 0800;
					};
				};
			};
			buildConfigurationList = EC6391E01BA2DE7100E12074 /* Build configuration list for PBXProject "Attack of the Constants and Variables" */;
			compatibilityVersion = "Xcode 3.2";
			developmentRegion = English;
			hasScannedForEncodings = 0;
			knownRegions = (
				en,
				Base,
			);
			mainGroup = EC6391DC1BA2DE7100E12074;
			productRefGroup = EC6391E61BA2DE7100E12074 /* Products */;
			projectDirPath = "";
			projectRoot = "";
			targets = (
				EC6391E41BA2DE7100E12074 /* Attack of the Constants and Variables */,
			);
		};
/* End PBXProject section */

/* Begin PBXResourcesBuildPhase section */
		EC6391E31BA2DE7100E12074 /* Resources */ = {
			isa = PBXResourcesBuildPhase;
			buildActionMask = 2147483647;
			files = (
				EC6391F31BA2DE7100E12074 /* LaunchScreen.storyboard in Resources */,
				EC6391F01BA2DE7100E12074 /* Assets.xcassets in Resources */,
				EC6391EE1BA2DE7100E12074 /* Main.storyboard in Resources */,
			);
			runOnlyForDeploymentPostprocessing = 0;
		};
/* End PBXResourcesBuildPhase section */

/* Begin PBXSourcesBuildPhase section */
		EC6391E11BA2DE7100E12074 /* Sources */ = {
			isa = PBXSourcesBuildPhase;
			buildActionMask = 2147483647;
			files = (
				EC6391EB1BA2DE7100E12074 /* ViewController.swift in Sources */,
				EC6391E91BA2DE7100E12074 /* AppDelegate.swift in Sources */,
			);
			runOnlyForDeploymentPostprocessing = 0;
		};
/* End PBXSourcesBuildPhase section */

/* Begin PBXVariantGroup section */
		EC6391EC1BA2DE7100E12074 /* Main.storyboard */ = {
			isa = PBXVariantGroup;
			children = (
				EC6391ED1BA2DE7100E12074 /* Base */,
			);
			name = Main.storyboard;
			sourceTree = "<group>";
		};
		EC6391F11BA2DE7100E12074 /* LaunchScreen.storyboard */ = {
			isa = PBXVariantGroup;
			children = (
				EC6391F21BA2DE7100E12074 /* Base */,
			);
			name = LaunchScreen.storyboard;
			sourceTree = "<group>";
		};
/* End PBXVariantGroup section */

/* Begin XCBuildConfiguration section */
		EC6391F51BA2DE7100E12074 /* Debug */ = {
			isa = XCBuildConfiguration;
			buildSettings = {
				ALWAYS_SEARCH_USER_PATHS = NO;
				CLANG_CXX_LANGUAGE_STANDARD = "gnu++0x";
				CLANG_CXX_LIBRARY = "libc++";
				CLANG_ENABLE_MODULES = YES;
				CLANG_ENABLE_OBJC_ARC = YES;
				CLANG_WARN_BOOL_CONVERSION = YES;
				CLANG_WARN_CONSTANT_CONVERSION = YES;
				CLANG_WARN_DIRECT_OBJC_ISA_USAGE = YES_ERROR;
				CLANG_WARN_EMPTY_BODY = YES;
				CLANG_WARN_ENUM_CONVERSION = YES;
				CLANG_WARN_INT_CONVERSION = YES;
				CLANG_WARN_OBJC_ROOT_CLASS = YES_ERROR;
				CLANG_WARN_UNREACHABLE_CODE = YES;
				CLANG_WARN__DUPLICATE_METHOD_MATCH = YES;
				"CODE_SIGN_IDENTITY[sdk=iphoneos*]" = "iPhone Developer";
				COPY_PHASE_STRIP = NO;
				DEBUG_INFORMATION_FORMAT = dwarf;
				ENABLE_STRICT_OBJC_MSGSEND = YES;
				ENABLE_TESTABILITY = YES;
				GCC_C_LANGUAGE_STANDARD = gnu99;
				GCC_DYNAMIC_NO_PIC = NO;
				GCC_NO_COMMON_BLOCKS = YES;
				GCC_OPTIMIZATION_LEVEL = 0;
				GCC_PREPROCESSOR_DEFINITIONS = (
					"DEBUG=1",
					"$(inherited)",
				);
				GCC_WARN_64_TO_32_BIT_CONVERSION = YES;
				GCC_WARN_ABOUT_RETURN_TYPE = YES_ERROR;
				GCC_WARN_UNDECLARED_SELECTOR = YES;
				GCC_WARN_UNINITIALIZED_AUTOS = YES_AGGRESSIVE;
				GCC_WARN_UNUSED_FUNCTION = YES;
				GCC_WARN_UNUSED_VARIABLE = YES;
				IPHONEOS_DEPLOYMENT_TARGET = 9.0;
				MTL_ENABLE_DEBUG_INFO = YES;
				ONLY_ACTIVE_ARCH = YES;
				SDKROOT = iphoneos;
				SWIFT_OPTIMIZATION_LEVEL = "-Onone";
				TARGETED_DEVICE_FAMILY = "1,2";
			};
			name = Debug;
		};
		EC6391F61BA2DE7100E12074 /* Release */ = {
			isa = XCBuildConfiguration;
			buildSettings = {
				ALWAYS_SEARCH_USER_PATHS = NO;
				CLANG_CXX_LANGUAGE_STANDARD = "gnu++0x";
				CLANG_CXX_LIBRARY = "libc++";
				CLANG_ENABLE_MODULES = YES;
				CLANG_ENABLE_OBJC_ARC = YES;
				CLANG_WARN_BOOL_CONVERSION = YES;
				CLANG_WARN_CONSTANT_CONVERSION = YES;
				CLANG_WARN_DIRECT_OBJC_ISA_USAGE = YES_ERROR;
				CLANG_WARN_EMPTY_BODY = YES;
				CLANG_WARN_ENUM_CONVERSION = YES;
				CLANG_WARN_INT_CONVERSION = YES;
				CLANG_WARN_OBJC_ROOT_CLASS = YES_ERROR;
				CLANG_WARN_UNREACHABLE_CODE = YES;
				CLANG_WARN__DUPLICATE_METHOD_MATCH = YES;
				"CODE_SIGN_IDENTITY[sdk=iphoneos*]" = "iPhone Developer";
				COPY_PHASE_STRIP = NO;
				DEBUG_INFORMATION_FORMAT = "dwarf-with-dsym";
				ENABLE_NS_ASSERTIONS = NO;
				ENABLE_STRICT_OBJC_MSGSEND = YES;
				GCC_C_LANGUAGE_STANDARD = gnu99;
				GCC_NO_COMMON_BLOCKS = YES;
				GCC_WARN_64_TO_32_BIT_CONVERSION = YES;
				GCC_WARN_ABOUT_RETURN_TYPE = YES_ERROR;
				GCC_WARN_UNDECLARED_SELECTOR = YES;
				GCC_WARN_UNINITIALIZED_AUTOS = YES_AGGRESSIVE;
				GCC_WARN_UNUSED_FUNCTION = YES;
				GCC_WARN_UNUSED_VARIABLE = YES;
				IPHONEOS_DEPLOYMENT_TARGET = 9.0;
				MTL_ENABLE_DEBUG_INFO = NO;
				SDKROOT = iphoneos;
				TARGETED_DEVICE_FAMILY = "1,2";
				VALIDATE_PRODUCT = YES;
			};
			name = Release;
		};
		EC6391F81BA2DE7100E12074 /* Debug */ = {
			isa = XCBuildConfiguration;
			buildSettings = {
				ASSETCATALOG_COMPILER_APPICON_NAME = AppIcon;
				INFOPLIST_FILE = "Attack of the Constants and Variables/Info.plist";
				LD_RUNPATH_SEARCH_PATHS = "$(inherited) @executable_path/Frameworks";
				PRODUCT_BUNDLE_IDENTIFIER = "edu.self.Attack-of-the-Constants-and-Variables";
				PRODUCT_NAME = "$(TARGET_NAME)";
				SWIFT_VERSION = 3.0;
			};
			name = Debug;
		};
		EC6391F91BA2DE7100E12074 /* Release */ = {
			isa = XCBuildConfiguration;
			buildSettings = {
				ASSETCATALOG_COMPILER_APPICON_NAME = AppIcon;
				INFOPLIST_FILE = "Attack of the Constants and Variables/Info.plist";
				LD_RUNPATH_SEARCH_PATHS = "$(inherited) @executable_path/Frameworks";
				PRODUCT_BUNDLE_IDENTIFIER = "edu.self.Attack-of-the-Constants-and-Variables";
				PRODUCT_NAME = "$(TARGET_NAME)";
				SWIFT_VERSION = 3.0;
			};
			name = Release;
		};
/* End XCBuildConfiguration section */

/* Begin XCConfigurationList section */
		EC6391E01BA2DE7100E12074 /* Build configuration list for PBXProject "Attack of the Constants and Variables" */ = {
			isa = XCConfigurationList;
			buildConfigurations = (
				EC6391F51BA2DE7100E12074 /* Debug */,
				EC6391F61BA2DE7100E12074 /* Release */,
			);
			defaultConfigurationIsVisible = 0;
			defaultConfigurationName = Release;
		};
		EC6391F71BA2DE7100E12074 /* Build configuration list for PBXNativeTarget "Attack of the Constants and Variables" */ = {
			isa = XCConfigurationList;
			buildConfigurations = (
				EC6391F81BA2DE7100E12074 /* Debug */,
				EC6391F91BA2DE7100E12074 /* Release */,
			);
			defaultConfigurationIsVisible = 0;
			defaultConfigurationName = Release;
		};
/* End XCConfigurationList section */
	};
	rootObject = EC6391DD1BA2DE7100E12074 /* Project object */;
}
